Microsoft Visual Studio Solution File, Format Version 12.00
# Visual Studio Version 17
VisualStudioVersion = 17.7.34024.191
MinimumVisualStudioVersion = 10.0.40219.1
Project("{2150E333-8FDC-42A3-9474-1A3956D46DE8}") = "Grasshopper", "Grasshopper", "{DB49C52F-B595-47F1-A6C0-AA56B2D73541}"
EndProject
Project("{2150E333-8FDC-42A3-9474-1A3956D46DE8}") = "SAM_Revit", "SAM_Revit", "{B5F956DA-6EA3-4616-9A4F-6FDDC19C91D3}"
EndProject
Project("{FAE04EC0-301F-11D3-BF4B-00C04F79EFBC}") = "SAM.Core.Grasshopper.Revit", "Grasshopper\SAM.Core.Grasshopper.Revit\SAM.Core.Grasshopper.Revit.csproj", "{E31E5F4E-EAC1-4E48-A5F9-E4560896C2B3}"
EndProject
Project("{FAE04EC0-301F-11D3-BF4B-00C04F79EFBC}") = "SAM.Analytical.Grasshopper.Revit", "Grasshopper\SAM.Analytical.Grasshopper.Revit\SAM.Analytical.Grasshopper.Revit.csproj", "{751820CB-7E74-4CB7-92B2-D544FE1409AD}"
	ProjectSection(ProjectDependencies) = postProject
		{D4C74BDE-5AE7-4E17-A762-E103A8007FF9} = {D4C74BDE-5AE7-4E17-A762-E103A8007FF9}
	EndProjectSection
EndProject
Project("{FAE04EC0-301F-11D3-BF4B-00C04F79EFBC}") = "SAM.Architectural.Grasshopper.Revit", "Grasshopper\SAM.Architectural.Grasshopper.Revit\SAM.Architectural.Grasshopper.Revit.csproj", "{D4C74BDE-5AE7-4E17-A762-E103A8007FF9}"
EndProject
Project("{2150E333-8FDC-42A3-9474-1A3956D46DE8}") = "Pdf", "Pdf", "{F319253B-007B-4856-9B90-B0DB2BBDAC01}"
EndProject
Project("{FAE04EC0-301F-11D3-BF4B-00C04F79EFBC}") = "SAM.Geometry.Grasshopper.Revit", "Grasshopper\SAM.Geometry.Grasshopper.Revit\SAM.Geometry.Grasshopper.Revit.csproj", "{9ED87F01-7959-48A9-9AAA-8D346644E06E}"
EndProject
Project("{9A19103F-16F7-4668-BE54-9A1E7A4F7556}") = "SAM.Units.Revit", "SAM_Revit\SAM.Units.Revit\SAM.Units.Revit.csproj", "{B6171AC8-422A-4CD4-B93F-10D054B9CC76}"
EndProject
Project("{9A19103F-16F7-4668-BE54-9A1E7A4F7556}") = "SAM.Core.Revit", "SAM_Revit\SAM.Core.Revit\SAM.Core.Revit.csproj", "{5F1B7CA0-E661-489F-BAE9-40CB7CDAF00A}"
EndProject
Project("{9A19103F-16F7-4668-BE54-9A1E7A4F7556}") = "SAM.Geometry.Revit", "SAM_Revit\SAM.Geometry.Revit\SAM.Geometry.Revit.csproj", "{9F69C54C-E7D6-46FE-B79B-FB6CEA8ECF5C}"
EndProject
Project("{9A19103F-16F7-4668-BE54-9A1E7A4F7556}") = "SAM.Architectural.Revit", "SAM_Revit\SAM.Architectural.Revit\SAM.Architectural.Revit.csproj", "{35A56831-B840-4D34-AAD1-08B350EEF4A6}"
EndProject
Project("{9A19103F-16F7-4668-BE54-9A1E7A4F7556}") = "SAM.Analytical.Revit", "SAM_Revit\SAM.Analytical.Revit\SAM.Analytical.Revit.csproj", "{96FD314A-A223-4F2E-B451-847A22FCD975}"
EndProject
Project("{9A19103F-16F7-4668-BE54-9A1E7A4F7556}") = "SAM.Core.Pdf.Revit", "Pdf\SAM.Core.Pdf.Revit\SAM.Core.Pdf.Revit.csproj", "{162387B3-3F86-4458-A645-A6E78B368F06}"
EndProject
Global
	GlobalSection(SolutionConfigurationPlatforms) = preSolution
		Debug|Any CPU = Debug|Any CPU
		Debug2017|Any CPU = Debug2017|Any CPU
		Debug2018|Any CPU = Debug2018|Any CPU
		Debug2019|Any CPU = Debug2019|Any CPU
		Debug2020|Any CPU = Debug2020|Any CPU
		Debug2021|Any CPU = Debug2021|Any CPU
		Debug2022|Any CPU = Debug2022|Any CPU
		Debug2023|Any CPU = Debug2023|Any CPU
		Debug2024|Any CPU = Debug2024|Any CPU
		Release|Any CPU = Release|Any CPU
		Release2020|Any CPU = Release2020|Any CPU
		Release2021|Any CPU = Release2021|Any CPU
		Release2022|Any CPU = Release2022|Any CPU
		Release2023|Any CPU = Release2023|Any CPU
		Release2024|Any CPU = Release2024|Any CPU
	EndGlobalSection
	GlobalSection(ProjectConfigurationPlatforms) = postSolution
		{E31E5F4E-EAC1-4E48-A5F9-E4560896C2B3}.Debug|Any CPU.ActiveCfg = Debug|Any CPU
		{E31E5F4E-EAC1-4E48-A5F9-E4560896C2B3}.Debug|Any CPU.Build.0 = Debug|Any CPU
		{E31E5F4E-EAC1-4E48-A5F9-E4560896C2B3}.Debug2017|Any CPU.ActiveCfg = Debug|Any CPU
		{E31E5F4E-EAC1-4E48-A5F9-E4560896C2B3}.Debug2018|Any CPU.ActiveCfg = Debug|Any CPU
		{E31E5F4E-EAC1-4E48-A5F9-E4560896C2B3}.Debug2018|Any CPU.Build.0 = Debug|Any CPU
		{E31E5F4E-EAC1-4E48-A5F9-E4560896C2B3}.Debug2019|Any CPU.ActiveCfg = Debug|Any CPU
		{E31E5F4E-EAC1-4E48-A5F9-E4560896C2B3}.Debug2019|Any CPU.Build.0 = Debug|Any CPU
		{E31E5F4E-EAC1-4E48-A5F9-E4560896C2B3}.Debug2020|Any CPU.ActiveCfg = Debug2020|Any CPU
		{E31E5F4E-EAC1-4E48-A5F9-E4560896C2B3}.Debug2020|Any CPU.Build.0 = Debug2020|Any CPU
		{E31E5F4E-EAC1-4E48-A5F9-E4560896C2B3}.Debug2021|Any CPU.ActiveCfg = Debug2021|Any CPU
		{E31E5F4E-EAC1-4E48-A5F9-E4560896C2B3}.Debug2021|Any CPU.Build.0 = Debug2021|Any CPU
		{E31E5F4E-EAC1-4E48-A5F9-E4560896C2B3}.Debug2022|Any CPU.ActiveCfg = Debug2022|Any CPU
		{E31E5F4E-EAC1-4E48-A5F9-E4560896C2B3}.Debug2022|Any CPU.Build.0 = Debug2022|Any CPU
		{E31E5F4E-EAC1-4E48-A5F9-E4560896C2B3}.Debug2023|Any CPU.ActiveCfg = Debug2023|Any CPU
		{E31E5F4E-EAC1-4E48-A5F9-E4560896C2B3}.Debug2023|Any CPU.Build.0 = Debug2023|Any CPU
		{E31E5F4E-EAC1-4E48-A5F9-E4560896C2B3}.Debug2024|Any CPU.ActiveCfg = Debug2024|Any CPU
		{E31E5F4E-EAC1-4E48-A5F9-E4560896C2B3}.Debug2024|Any CPU.Build.0 = Debug2024|Any CPU
		{E31E5F4E-EAC1-4E48-A5F9-E4560896C2B3}.Release|Any CPU.ActiveCfg = Release|Any CPU
		{E31E5F4E-EAC1-4E48-A5F9-E4560896C2B3}.Release|Any CPU.Build.0 = Release|Any CPU
		{E31E5F4E-EAC1-4E48-A5F9-E4560896C2B3}.Release2020|Any CPU.ActiveCfg = Release2020|Any CPU
		{E31E5F4E-EAC1-4E48-A5F9-E4560896C2B3}.Release2020|Any CPU.Build.0 = Release2020|Any CPU
		{E31E5F4E-EAC1-4E48-A5F9-E4560896C2B3}.Release2021|Any CPU.ActiveCfg = Release2021|Any CPU
		{E31E5F4E-EAC1-4E48-A5F9-E4560896C2B3}.Release2021|Any CPU.Build.0 = Release2021|Any CPU
		{E31E5F4E-EAC1-4E48-A5F9-E4560896C2B3}.Release2022|Any CPU.ActiveCfg = Release2022|Any CPU
		{E31E5F4E-EAC1-4E48-A5F9-E4560896C2B3}.Release2022|Any CPU.Build.0 = Release2022|Any CPU
		{E31E5F4E-EAC1-4E48-A5F9-E4560896C2B3}.Release2023|Any CPU.ActiveCfg = Release2023|Any CPU
		{E31E5F4E-EAC1-4E48-A5F9-E4560896C2B3}.Release2023|Any CPU.Build.0 = Release2023|Any CPU
		{E31E5F4E-EAC1-4E48-A5F9-E4560896C2B3}.Release2024|Any CPU.ActiveCfg = Release2024|Any CPU
		{E31E5F4E-EAC1-4E48-A5F9-E4560896C2B3}.Release2024|Any CPU.Build.0 = Release2024|Any CPU
		{751820CB-7E74-4CB7-92B2-D544FE1409AD}.Debug|Any CPU.ActiveCfg = Debug|Any CPU
		{751820CB-7E74-4CB7-92B2-D544FE1409AD}.Debug|Any CPU.Build.0 = Debug|Any CPU
		{751820CB-7E74-4CB7-92B2-D544FE1409AD}.Debug2017|Any CPU.ActiveCfg = Debug|Any CPU
		{751820CB-7E74-4CB7-92B2-D544FE1409AD}.Debug2017|Any CPU.Build.0 = Debug|Any CPU
		{751820CB-7E74-4CB7-92B2-D544FE1409AD}.Debug2018|Any CPU.ActiveCfg = Debug|Any CPU
		{751820CB-7E74-4CB7-92B2-D544FE1409AD}.Debug2018|Any CPU.Build.0 = Debug|Any CPU
		{751820CB-7E74-4CB7-92B2-D544FE1409AD}.Debug2019|Any CPU.ActiveCfg = Debug|Any CPU
		{751820CB-7E74-4CB7-92B2-D544FE1409AD}.Debug2019|Any CPU.Build.0 = Debug|Any CPU
		{751820CB-7E74-4CB7-92B2-D544FE1409AD}.Debug2020|Any CPU.ActiveCfg = Debug2020|Any CPU
		{751820CB-7E74-4CB7-92B2-D544FE1409AD}.Debug2020|Any CPU.Build.0 = Debug2020|Any CPU
		{751820CB-7E74-4CB7-92B2-D544FE1409AD}.Debug2021|Any CPU.ActiveCfg = Debug2021|Any CPU
		{751820CB-7E74-4CB7-92B2-D544FE1409AD}.Debug2021|Any CPU.Build.0 = Debug2021|Any CPU
		{751820CB-7E74-4CB7-92B2-D544FE1409AD}.Debug2022|Any CPU.ActiveCfg = Debug2022|Any CPU
		{751820CB-7E74-4CB7-92B2-D544FE1409AD}.Debug2022|Any CPU.Build.0 = Debug2022|Any CPU
		{751820CB-7E74-4CB7-92B2-D544FE1409AD}.Debug2023|Any CPU.ActiveCfg = Debug2023|Any CPU
		{751820CB-7E74-4CB7-92B2-D544FE1409AD}.Debug2023|Any CPU.Build.0 = Debug2023|Any CPU
		{751820CB-7E74-4CB7-92B2-D544FE1409AD}.Debug2024|Any CPU.ActiveCfg = Debug2024|Any CPU
		{751820CB-7E74-4CB7-92B2-D544FE1409AD}.Debug2024|Any CPU.Build.0 = Debug2024|Any CPU
		{751820CB-7E74-4CB7-92B2-D544FE1409AD}.Release|Any CPU.ActiveCfg = Release|Any CPU
		{751820CB-7E74-4CB7-92B2-D544FE1409AD}.Release|Any CPU.Build.0 = Release|Any CPU
		{751820CB-7E74-4CB7-92B2-D544FE1409AD}.Release2020|Any CPU.ActiveCfg = Release2020|Any CPU
		{751820CB-7E74-4CB7-92B2-D544FE1409AD}.Release2020|Any CPU.Build.0 = Release2020|Any CPU
		{751820CB-7E74-4CB7-92B2-D544FE1409AD}.Release2021|Any CPU.ActiveCfg = Release2021|Any CPU
		{751820CB-7E74-4CB7-92B2-D544FE1409AD}.Release2021|Any CPU.Build.0 = Release2021|Any CPU
		{751820CB-7E74-4CB7-92B2-D544FE1409AD}.Release2022|Any CPU.ActiveCfg = Release2022|Any CPU
		{751820CB-7E74-4CB7-92B2-D544FE1409AD}.Release2022|Any CPU.Build.0 = Release2022|Any CPU
		{751820CB-7E74-4CB7-92B2-D544FE1409AD}.Release2023|Any CPU.ActiveCfg = Release2023|Any CPU
		{751820CB-7E74-4CB7-92B2-D544FE1409AD}.Release2023|Any CPU.Build.0 = Release2023|Any CPU
		{751820CB-7E74-4CB7-92B2-D544FE1409AD}.Release2024|Any CPU.ActiveCfg = Release2024|Any CPU
		{751820CB-7E74-4CB7-92B2-D544FE1409AD}.Release2024|Any CPU.Build.0 = Release2024|Any CPU
		{D4C74BDE-5AE7-4E17-A762-E103A8007FF9}.Debug|Any CPU.ActiveCfg = Debug|Any CPU
		{D4C74BDE-5AE7-4E17-A762-E103A8007FF9}.Debug|Any CPU.Build.0 = Debug|Any CPU
		{D4C74BDE-5AE7-4E17-A762-E103A8007FF9}.Debug2017|Any CPU.ActiveCfg = Debug|Any CPU
		{D4C74BDE-5AE7-4E17-A762-E103A8007FF9}.Debug2017|Any CPU.Build.0 = Debug|Any CPU
		{D4C74BDE-5AE7-4E17-A762-E103A8007FF9}.Debug2018|Any CPU.ActiveCfg = Debug|Any CPU
		{D4C74BDE-5AE7-4E17-A762-E103A8007FF9}.Debug2018|Any CPU.Build.0 = Debug|Any CPU
		{D4C74BDE-5AE7-4E17-A762-E103A8007FF9}.Debug2019|Any CPU.ActiveCfg = Debug|Any CPU
		{D4C74BDE-5AE7-4E17-A762-E103A8007FF9}.Debug2019|Any CPU.Build.0 = Debug|Any CPU
		{D4C74BDE-5AE7-4E17-A762-E103A8007FF9}.Debug2020|Any CPU.ActiveCfg = Debug2020|Any CPU
		{D4C74BDE-5AE7-4E17-A762-E103A8007FF9}.Debug2020|Any CPU.Build.0 = Debug2020|Any CPU
		{D4C74BDE-5AE7-4E17-A762-E103A8007FF9}.Debug2021|Any CPU.ActiveCfg = Debug2021|Any CPU
		{D4C74BDE-5AE7-4E17-A762-E103A8007FF9}.Debug2021|Any CPU.Build.0 = Debug2021|Any CPU
		{D4C74BDE-5AE7-4E17-A762-E103A8007FF9}.Debug2022|Any CPU.ActiveCfg = Debug2022|Any CPU
		{D4C74BDE-5AE7-4E17-A762-E103A8007FF9}.Debug2022|Any CPU.Build.0 = Debug2022|Any CPU
		{D4C74BDE-5AE7-4E17-A762-E103A8007FF9}.Debug2023|Any CPU.ActiveCfg = Debug2023|Any CPU
		{D4C74BDE-5AE7-4E17-A762-E103A8007FF9}.Debug2023|Any CPU.Build.0 = Debug2023|Any CPU
		{D4C74BDE-5AE7-4E17-A762-E103A8007FF9}.Debug2024|Any CPU.ActiveCfg = Debug2024|Any CPU
		{D4C74BDE-5AE7-4E17-A762-E103A8007FF9}.Debug2024|Any CPU.Build.0 = Debug2024|Any CPU
		{D4C74BDE-5AE7-4E17-A762-E103A8007FF9}.Release|Any CPU.ActiveCfg = Release|Any CPU
		{D4C74BDE-5AE7-4E17-A762-E103A8007FF9}.Release|Any CPU.Build.0 = Release|Any CPU
		{D4C74BDE-5AE7-4E17-A762-E103A8007FF9}.Release2020|Any CPU.ActiveCfg = Release2020|Any CPU
		{D4C74BDE-5AE7-4E17-A762-E103A8007FF9}.Release2020|Any CPU.Build.0 = Release2020|Any CPU
		{D4C74BDE-5AE7-4E17-A762-E103A8007FF9}.Release2021|Any CPU.ActiveCfg = Release2021|Any CPU
		{D4C74BDE-5AE7-4E17-A762-E103A8007FF9}.Release2021|Any CPU.Build.0 = Release2021|Any CPU
		{D4C74BDE-5AE7-4E17-A762-E103A8007FF9}.Release2022|Any CPU.ActiveCfg = Release2022|Any CPU
		{D4C74BDE-5AE7-4E17-A762-E103A8007FF9}.Release2022|Any CPU.Build.0 = Release2022|Any CPU
		{D4C74BDE-5AE7-4E17-A762-E103A8007FF9}.Release2023|Any CPU.ActiveCfg = Release2023|Any CPU
		{D4C74BDE-5AE7-4E17-A762-E103A8007FF9}.Release2023|Any CPU.Build.0 = Release2023|Any CPU
		{D4C74BDE-5AE7-4E17-A762-E103A8007FF9}.Release2024|Any CPU.ActiveCfg = Release2024|Any CPU
		{D4C74BDE-5AE7-4E17-A762-E103A8007FF9}.Release2024|Any CPU.Build.0 = Release2024|Any CPU
		{9ED87F01-7959-48A9-9AAA-8D346644E06E}.Debug|Any CPU.ActiveCfg = Debug|Any CPU
		{9ED87F01-7959-48A9-9AAA-8D346644E06E}.Debug|Any CPU.Build.0 = Debug|Any CPU
		{9ED87F01-7959-48A9-9AAA-8D346644E06E}.Debug2017|Any CPU.ActiveCfg = Debug2020|Any CPU
		{9ED87F01-7959-48A9-9AAA-8D346644E06E}.Debug2017|Any CPU.Build.0 = Debug2020|Any CPU
		{9ED87F01-7959-48A9-9AAA-8D346644E06E}.Debug2018|Any CPU.ActiveCfg = Debug2020|Any CPU
		{9ED87F01-7959-48A9-9AAA-8D346644E06E}.Debug2018|Any CPU.Build.0 = Debug2020|Any CPU
		{9ED87F01-7959-48A9-9AAA-8D346644E06E}.Debug2019|Any CPU.ActiveCfg = Debug2020|Any CPU
		{9ED87F01-7959-48A9-9AAA-8D346644E06E}.Debug2019|Any CPU.Build.0 = Debug2020|Any CPU
		{9ED87F01-7959-48A9-9AAA-8D346644E06E}.Debug2020|Any CPU.ActiveCfg = Debug2020|Any CPU
		{9ED87F01-7959-48A9-9AAA-8D346644E06E}.Debug2020|Any CPU.Build.0 = Debug2020|Any CPU
		{9ED87F01-7959-48A9-9AAA-8D346644E06E}.Debug2021|Any CPU.ActiveCfg = Debug2021|Any CPU
		{9ED87F01-7959-48A9-9AAA-8D346644E06E}.Debug2021|Any CPU.Build.0 = Debug2021|Any CPU
		{9ED87F01-7959-48A9-9AAA-8D346644E06E}.Debug2022|Any CPU.ActiveCfg = Debug2022|Any CPU
		{9ED87F01-7959-48A9-9AAA-8D346644E06E}.Debug2022|Any CPU.Build.0 = Debug2022|Any CPU
		{9ED87F01-7959-48A9-9AAA-8D346644E06E}.Debug2023|Any CPU.ActiveCfg = Debug2023|Any CPU
		{9ED87F01-7959-48A9-9AAA-8D346644E06E}.Debug2023|Any CPU.Build.0 = Debug2023|Any CPU
		{9ED87F01-7959-48A9-9AAA-8D346644E06E}.Debug2024|Any CPU.ActiveCfg = Debug2024|Any CPU
		{9ED87F01-7959-48A9-9AAA-8D346644E06E}.Debug2024|Any CPU.Build.0 = Debug2024|Any CPU
		{9ED87F01-7959-48A9-9AAA-8D346644E06E}.Release|Any CPU.ActiveCfg = Release|Any CPU
		{9ED87F01-7959-48A9-9AAA-8D346644E06E}.Release|Any CPU.Build.0 = Release|Any CPU
		{9ED87F01-7959-48A9-9AAA-8D346644E06E}.Release2020|Any CPU.ActiveCfg = Release2020|Any CPU
		{9ED87F01-7959-48A9-9AAA-8D346644E06E}.Release2020|Any CPU.Build.0 = Release2020|Any CPU
		{9ED87F01-7959-48A9-9AAA-8D346644E06E}.Release2021|Any CPU.ActiveCfg = Release2021|Any CPU
		{9ED87F01-7959-48A9-9AAA-8D346644E06E}.Release2021|Any CPU.Build.0 = Release2021|Any CPU
		{9ED87F01-7959-48A9-9AAA-8D346644E06E}.Release2022|Any CPU.ActiveCfg = Release2022|Any CPU
		{9ED87F01-7959-48A9-9AAA-8D346644E06E}.Release2022|Any CPU.Build.0 = Release2022|Any CPU
		{9ED87F01-7959-48A9-9AAA-8D346644E06E}.Release2023|Any CPU.ActiveCfg = Release2023|Any CPU
		{9ED87F01-7959-48A9-9AAA-8D346644E06E}.Release2023|Any CPU.Build.0 = Release2023|Any CPU
		{9ED87F01-7959-48A9-9AAA-8D346644E06E}.Release2024|Any CPU.ActiveCfg = Release2024|Any CPU
		{9ED87F01-7959-48A9-9AAA-8D346644E06E}.Release2024|Any CPU.Build.0 = Release2024|Any CPU
		{B6171AC8-422A-4CD4-B93F-10D054B9CC76}.Debug|Any CPU.ActiveCfg = Debug|Any CPU
		{B6171AC8-422A-4CD4-B93F-10D054B9CC76}.Debug|Any CPU.Build.0 = Debug|Any CPU
		{B6171AC8-422A-4CD4-B93F-10D054B9CC76}.Debug2017|Any CPU.ActiveCfg = Debug2017|Any CPU
		{B6171AC8-422A-4CD4-B93F-10D054B9CC76}.Debug2017|Any CPU.Build.0 = Debug2017|Any CPU
		{B6171AC8-422A-4CD4-B93F-10D054B9CC76}.Debug2018|Any CPU.ActiveCfg = Debug2018|Any CPU
		{B6171AC8-422A-4CD4-B93F-10D054B9CC76}.Debug2018|Any CPU.Build.0 = Debug2018|Any CPU
		{B6171AC8-422A-4CD4-B93F-10D054B9CC76}.Debug2019|Any CPU.ActiveCfg = Debug2019|Any CPU
		{B6171AC8-422A-4CD4-B93F-10D054B9CC76}.Debug2019|Any CPU.Build.0 = Debug2019|Any CPU
		{B6171AC8-422A-4CD4-B93F-10D054B9CC76}.Debug2020|Any CPU.ActiveCfg = Debug2020|Any CPU
		{B6171AC8-422A-4CD4-B93F-10D054B9CC76}.Debug2020|Any CPU.Build.0 = Debug2020|Any CPU
		{B6171AC8-422A-4CD4-B93F-10D054B9CC76}.Debug2021|Any CPU.ActiveCfg = Debug2021|Any CPU
		{B6171AC8-422A-4CD4-B93F-10D054B9CC76}.Debug2021|Any CPU.Build.0 = Debug2021|Any CPU
		{B6171AC8-422A-4CD4-B93F-10D054B9CC76}.Debug2022|Any CPU.ActiveCfg = Debug2022|Any CPU
		{B6171AC8-422A-4CD4-B93F-10D054B9CC76}.Debug2022|Any CPU.Build.0 = Debug2022|Any CPU
		{B6171AC8-422A-4CD4-B93F-10D054B9CC76}.Debug2023|Any CPU.ActiveCfg = Debug2023|Any CPU
		{B6171AC8-422A-4CD4-B93F-10D054B9CC76}.Debug2023|Any CPU.Build.0 = Debug2023|Any CPU
		{B6171AC8-422A-4CD4-B93F-10D054B9CC76}.Debug2024|Any CPU.ActiveCfg = Debug2024|Any CPU
		{B6171AC8-422A-4CD4-B93F-10D054B9CC76}.Debug2024|Any CPU.Build.0 = Debug2024|Any CPU
		{B6171AC8-422A-4CD4-B93F-10D054B9CC76}.Release|Any CPU.ActiveCfg = Release|Any CPU
		{B6171AC8-422A-4CD4-B93F-10D054B9CC76}.Release|Any CPU.Build.0 = Release|Any CPU
		{B6171AC8-422A-4CD4-B93F-10D054B9CC76}.Release2020|Any CPU.ActiveCfg = Release2020|Any CPU
		{B6171AC8-422A-4CD4-B93F-10D054B9CC76}.Release2020|Any CPU.Build.0 = Release2020|Any CPU
		{B6171AC8-422A-4CD4-B93F-10D054B9CC76}.Release2021|Any CPU.ActiveCfg = Release2021|Any CPU
		{B6171AC8-422A-4CD4-B93F-10D054B9CC76}.Release2021|Any CPU.Build.0 = Release2021|Any CPU
		{B6171AC8-422A-4CD4-B93F-10D054B9CC76}.Release2022|Any CPU.ActiveCfg = Release2022|Any CPU
		{B6171AC8-422A-4CD4-B93F-10D054B9CC76}.Release2022|Any CPU.Build.0 = Release2022|Any CPU
		{B6171AC8-422A-4CD4-B93F-10D054B9CC76}.Release2023|Any CPU.ActiveCfg = Release2023|Any CPU
		{B6171AC8-422A-4CD4-B93F-10D054B9CC76}.Release2023|Any CPU.Build.0 = Release2023|Any CPU
		{B6171AC8-422A-4CD4-B93F-10D054B9CC76}.Release2024|Any CPU.ActiveCfg = Release2024|Any CPU
		{B6171AC8-422A-4CD4-B93F-10D054B9CC76}.Release2024|Any CPU.Build.0 = Release2024|Any CPU
		{5F1B7CA0-E661-489F-BAE9-40CB7CDAF00A}.Debug|Any CPU.ActiveCfg = Debug|Any CPU
		{5F1B7CA0-E661-489F-BAE9-40CB7CDAF00A}.Debug|Any CPU.Build.0 = Debug|Any CPU
		{5F1B7CA0-E661-489F-BAE9-40CB7CDAF00A}.Debug2017|Any CPU.ActiveCfg = Debug2017|Any CPU
		{5F1B7CA0-E661-489F-BAE9-40CB7CDAF00A}.Debug2017|Any CPU.Build.0 = Debug2017|Any CPU
		{5F1B7CA0-E661-489F-BAE9-40CB7CDAF00A}.Debug2018|Any CPU.ActiveCfg = Debug2018|Any CPU
		{5F1B7CA0-E661-489F-BAE9-40CB7CDAF00A}.Debug2018|Any CPU.Build.0 = Debug2018|Any CPU
		{5F1B7CA0-E661-489F-BAE9-40CB7CDAF00A}.Debug2019|Any CPU.ActiveCfg = Debug2019|Any CPU
		{5F1B7CA0-E661-489F-BAE9-40CB7CDAF00A}.Debug2019|Any CPU.Build.0 = Debug2019|Any CPU
		{5F1B7CA0-E661-489F-BAE9-40CB7CDAF00A}.Debug2020|Any CPU.ActiveCfg = Debug2020|Any CPU
		{5F1B7CA0-E661-489F-BAE9-40CB7CDAF00A}.Debug2020|Any CPU.Build.0 = Debug2020|Any CPU
		{5F1B7CA0-E661-489F-BAE9-40CB7CDAF00A}.Debug2021|Any CPU.ActiveCfg = Debug2021|Any CPU
		{5F1B7CA0-E661-489F-BAE9-40CB7CDAF00A}.Debug2021|Any CPU.Build.0 = Debug2021|Any CPU
		{5F1B7CA0-E661-489F-BAE9-40CB7CDAF00A}.Debug2022|Any CPU.ActiveCfg = Debug2022|Any CPU
		{5F1B7CA0-E661-489F-BAE9-40CB7CDAF00A}.Debug2022|Any CPU.Build.0 = Debug2022|Any CPU
		{5F1B7CA0-E661-489F-BAE9-40CB7CDAF00A}.Debug2023|Any CPU.ActiveCfg = Debug2023|Any CPU
		{5F1B7CA0-E661-489F-BAE9-40CB7CDAF00A}.Debug2023|Any CPU.Build.0 = Debug2023|Any CPU
		{5F1B7CA0-E661-489F-BAE9-40CB7CDAF00A}.Debug2024|Any CPU.ActiveCfg = Debug2024|Any CPU
		{5F1B7CA0-E661-489F-BAE9-40CB7CDAF00A}.Debug2024|Any CPU.Build.0 = Debug2024|Any CPU
		{5F1B7CA0-E661-489F-BAE9-40CB7CDAF00A}.Release|Any CPU.ActiveCfg = Release|Any CPU
		{5F1B7CA0-E661-489F-BAE9-40CB7CDAF00A}.Release|Any CPU.Build.0 = Release|Any CPU
		{5F1B7CA0-E661-489F-BAE9-40CB7CDAF00A}.Release2020|Any CPU.ActiveCfg = Release2020|Any CPU
		{5F1B7CA0-E661-489F-BAE9-40CB7CDAF00A}.Release2020|Any CPU.Build.0 = Release2020|Any CPU
		{5F1B7CA0-E661-489F-BAE9-40CB7CDAF00A}.Release2021|Any CPU.ActiveCfg = Release2021|Any CPU
		{5F1B7CA0-E661-489F-BAE9-40CB7CDAF00A}.Release2021|Any CPU.Build.0 = Release2021|Any CPU
		{5F1B7CA0-E661-489F-BAE9-40CB7CDAF00A}.Release2022|Any CPU.ActiveCfg = Release2022|Any CPU
		{5F1B7CA0-E661-489F-BAE9-40CB7CDAF00A}.Release2022|Any CPU.Build.0 = Release2022|Any CPU
		{5F1B7CA0-E661-489F-BAE9-40CB7CDAF00A}.Release2023|Any CPU.ActiveCfg = Release2023|Any CPU
		{5F1B7CA0-E661-489F-BAE9-40CB7CDAF00A}.Release2023|Any CPU.Build.0 = Release2023|Any CPU
		{5F1B7CA0-E661-489F-BAE9-40CB7CDAF00A}.Release2024|Any CPU.ActiveCfg = Release2024|Any CPU
		{5F1B7CA0-E661-489F-BAE9-40CB7CDAF00A}.Release2024|Any CPU.Build.0 = Release2024|Any CPU
		{9F69C54C-E7D6-46FE-B79B-FB6CEA8ECF5C}.Debug|Any CPU.ActiveCfg = Debug|Any CPU
		{9F69C54C-E7D6-46FE-B79B-FB6CEA8ECF5C}.Debug|Any CPU.Build.0 = Debug|Any CPU
		{9F69C54C-E7D6-46FE-B79B-FB6CEA8ECF5C}.Debug2017|Any CPU.ActiveCfg = Debug2017|Any CPU
		{9F69C54C-E7D6-46FE-B79B-FB6CEA8ECF5C}.Debug2017|Any CPU.Build.0 = Debug2017|Any CPU
		{9F69C54C-E7D6-46FE-B79B-FB6CEA8ECF5C}.Debug2018|Any CPU.ActiveCfg = Debug2018|Any CPU
		{9F69C54C-E7D6-46FE-B79B-FB6CEA8ECF5C}.Debug2018|Any CPU.Build.0 = Debug2018|Any CPU
		{9F69C54C-E7D6-46FE-B79B-FB6CEA8ECF5C}.Debug2019|Any CPU.ActiveCfg = Debug2019|Any CPU
		{9F69C54C-E7D6-46FE-B79B-FB6CEA8ECF5C}.Debug2019|Any CPU.Build.0 = Debug2019|Any CPU
		{9F69C54C-E7D6-46FE-B79B-FB6CEA8ECF5C}.Debug2020|Any CPU.ActiveCfg = Debug2020|Any CPU
		{9F69C54C-E7D6-46FE-B79B-FB6CEA8ECF5C}.Debug2020|Any CPU.Build.0 = Debug2020|Any CPU
		{9F69C54C-E7D6-46FE-B79B-FB6CEA8ECF5C}.Debug2021|Any CPU.ActiveCfg = Debug2021|Any CPU
		{9F69C54C-E7D6-46FE-B79B-FB6CEA8ECF5C}.Debug2021|Any CPU.Build.0 = Debug2021|Any CPU
		{9F69C54C-E7D6-46FE-B79B-FB6CEA8ECF5C}.Debug2022|Any CPU.ActiveCfg = Debug2022|Any CPU
		{9F69C54C-E7D6-46FE-B79B-FB6CEA8ECF5C}.Debug2022|Any CPU.Build.0 = Debug2022|Any CPU
		{9F69C54C-E7D6-46FE-B79B-FB6CEA8ECF5C}.Debug2023|Any CPU.ActiveCfg = Debug2023|Any CPU
		{9F69C54C-E7D6-46FE-B79B-FB6CEA8ECF5C}.Debug2023|Any CPU.Build.0 = Debug2023|Any CPU
		{9F69C54C-E7D6-46FE-B79B-FB6CEA8ECF5C}.Debug2024|Any CPU.ActiveCfg = Debug2024|Any CPU
		{9F69C54C-E7D6-46FE-B79B-FB6CEA8ECF5C}.Debug2024|Any CPU.Build.0 = Debug2024|Any CPU
		{9F69C54C-E7D6-46FE-B79B-FB6CEA8ECF5C}.Release|Any CPU.ActiveCfg = Release|Any CPU
		{9F69C54C-E7D6-46FE-B79B-FB6CEA8ECF5C}.Release|Any CPU.Build.0 = Release|Any CPU
		{9F69C54C-E7D6-46FE-B79B-FB6CEA8ECF5C}.Release2020|Any CPU.ActiveCfg = Release2020|Any CPU
		{9F69C54C-E7D6-46FE-B79B-FB6CEA8ECF5C}.Release2020|Any CPU.Build.0 = Release2020|Any CPU
		{9F69C54C-E7D6-46FE-B79B-FB6CEA8ECF5C}.Release2021|Any CPU.ActiveCfg = Release2021|Any CPU
		{9F69C54C-E7D6-46FE-B79B-FB6CEA8ECF5C}.Release2021|Any CPU.Build.0 = Release2021|Any CPU
		{9F69C54C-E7D6-46FE-B79B-FB6CEA8ECF5C}.Release2022|Any CPU.ActiveCfg = Release2022|Any CPU
		{9F69C54C-E7D6-46FE-B79B-FB6CEA8ECF5C}.Release2022|Any CPU.Build.0 = Release2022|Any CPU
		{9F69C54C-E7D6-46FE-B79B-FB6CEA8ECF5C}.Release2023|Any CPU.ActiveCfg = Release2023|Any CPU
		{9F69C54C-E7D6-46FE-B79B-FB6CEA8ECF5C}.Release2023|Any CPU.Build.0 = Release2023|Any CPU
		{9F69C54C-E7D6-46FE-B79B-FB6CEA8ECF5C}.Release2024|Any CPU.ActiveCfg = Release2024|Any CPU
		{9F69C54C-E7D6-46FE-B79B-FB6CEA8ECF5C}.Release2024|Any CPU.Build.0 = Release2024|Any CPU
		{35A56831-B840-4D34-AAD1-08B350EEF4A6}.Debug|Any CPU.ActiveCfg = Debug|Any CPU
		{35A56831-B840-4D34-AAD1-08B350EEF4A6}.Debug|Any CPU.Build.0 = Debug|Any CPU
		{35A56831-B840-4D34-AAD1-08B350EEF4A6}.Debug2017|Any CPU.ActiveCfg = Debug2017|Any CPU
		{35A56831-B840-4D34-AAD1-08B350EEF4A6}.Debug2017|Any CPU.Build.0 = Debug2017|Any CPU
		{35A56831-B840-4D34-AAD1-08B350EEF4A6}.Debug2018|Any CPU.ActiveCfg = Debug2018|Any CPU
		{35A56831-B840-4D34-AAD1-08B350EEF4A6}.Debug2018|Any CPU.Build.0 = Debug2018|Any CPU
		{35A56831-B840-4D34-AAD1-08B350EEF4A6}.Debug2019|Any CPU.ActiveCfg = Debug2019|Any CPU
		{35A56831-B840-4D34-AAD1-08B350EEF4A6}.Debug2019|Any CPU.Build.0 = Debug2019|Any CPU
		{35A56831-B840-4D34-AAD1-08B350EEF4A6}.Debug2020|Any CPU.ActiveCfg = Debug2020|Any CPU
		{35A56831-B840-4D34-AAD1-08B350EEF4A6}.Debug2020|Any CPU.Build.0 = Debug2020|Any CPU
		{35A56831-B840-4D34-AAD1-08B350EEF4A6}.Debug2021|Any CPU.ActiveCfg = Debug2021|Any CPU
		{35A56831-B840-4D34-AAD1-08B350EEF4A6}.Debug2021|Any CPU.Build.0 = Debug2021|Any CPU
		{35A56831-B840-4D34-AAD1-08B350EEF4A6}.Debug2022|Any CPU.ActiveCfg = Debug2022|Any CPU
		{35A56831-B840-4D34-AAD1-08B350EEF4A6}.Debug2022|Any CPU.Build.0 = Debug2022|Any CPU
		{35A56831-B840-4D34-AAD1-08B350EEF4A6}.Debug2023|Any CPU.ActiveCfg = Debug2023|Any CPU
		{35A56831-B840-4D34-AAD1-08B350EEF4A6}.Debug2023|Any CPU.Build.0 = Debug2023|Any CPU
		{35A56831-B840-4D34-AAD1-08B350EEF4A6}.Debug2024|Any CPU.ActiveCfg = Debug2024|Any CPU
		{35A56831-B840-4D34-AAD1-08B350EEF4A6}.Debug2024|Any CPU.Build.0 = Debug2024|Any CPU
		{35A56831-B840-4D34-AAD1-08B350EEF4A6}.Release|Any CPU.ActiveCfg = Release|Any CPU
		{35A56831-B840-4D34-AAD1-08B350EEF4A6}.Release|Any CPU.Build.0 = Release|Any CPU
		{35A56831-B840-4D34-AAD1-08B350EEF4A6}.Release2020|Any CPU.ActiveCfg = Release2020|Any CPU
		{35A56831-B840-4D34-AAD1-08B350EEF4A6}.Release2020|Any CPU.Build.0 = Release2020|Any CPU
		{35A56831-B840-4D34-AAD1-08B350EEF4A6}.Release2021|Any CPU.ActiveCfg = Release2021|Any CPU
		{35A56831-B840-4D34-AAD1-08B350EEF4A6}.Release2021|Any CPU.Build.0 = Release2021|Any CPU
		{35A56831-B840-4D34-AAD1-08B350EEF4A6}.Release2022|Any CPU.ActiveCfg = Release2022|Any CPU
		{35A56831-B840-4D34-AAD1-08B350EEF4A6}.Release2022|Any CPU.Build.0 = Release2022|Any CPU
		{35A56831-B840-4D34-AAD1-08B350EEF4A6}.Release2023|Any CPU.ActiveCfg = Release2023|Any CPU
		{35A56831-B840-4D34-AAD1-08B350EEF4A6}.Release2023|Any CPU.Build.0 = Release2023|Any CPU
		{35A56831-B840-4D34-AAD1-08B350EEF4A6}.Release2024|Any CPU.ActiveCfg = Release2024|Any CPU
		{35A56831-B840-4D34-AAD1-08B350EEF4A6}.Release2024|Any CPU.Build.0 = Release2024|Any CPU
		{96FD314A-A223-4F2E-B451-847A22FCD975}.Debug|Any CPU.ActiveCfg = Debug|Any CPU
		{96FD314A-A223-4F2E-B451-847A22FCD975}.Debug|Any CPU.Build.0 = Debug|Any CPU
		{96FD314A-A223-4F2E-B451-847A22FCD975}.Debug2017|Any CPU.ActiveCfg = Debug2017|Any CPU
		{96FD314A-A223-4F2E-B451-847A22FCD975}.Debug2017|Any CPU.Build.0 = Debug2017|Any CPU
		{96FD314A-A223-4F2E-B451-847A22FCD975}.Debug2018|Any CPU.ActiveCfg = Debug2018|Any CPU
		{96FD314A-A223-4F2E-B451-847A22FCD975}.Debug2018|Any CPU.Build.0 = Debug2018|Any CPU
		{96FD314A-A223-4F2E-B451-847A22FCD975}.Debug2019|Any CPU.ActiveCfg = Debug2019|Any CPU
		{96FD314A-A223-4F2E-B451-847A22FCD975}.Debug2019|Any CPU.Build.0 = Debug2019|Any CPU
		{96FD314A-A223-4F2E-B451-847A22FCD975}.Debug2020|Any CPU.ActiveCfg = Debug2020|Any CPU
		{96FD314A-A223-4F2E-B451-847A22FCD975}.Debug2020|Any CPU.Build.0 = Debug2020|Any CPU
		{96FD314A-A223-4F2E-B451-847A22FCD975}.Debug2021|Any CPU.ActiveCfg = Debug2021|Any CPU
		{96FD314A-A223-4F2E-B451-847A22FCD975}.Debug2021|Any CPU.Build.0 = Debug2021|Any CPU
		{96FD314A-A223-4F2E-B451-847A22FCD975}.Debug2022|Any CPU.ActiveCfg = Debug2022|Any CPU
		{96FD314A-A223-4F2E-B451-847A22FCD975}.Debug2022|Any CPU.Build.0 = Debug2022|Any CPU
		{96FD314A-A223-4F2E-B451-847A22FCD975}.Debug2023|Any CPU.ActiveCfg = Debug2023|Any CPU
		{96FD314A-A223-4F2E-B451-847A22FCD975}.Debug2023|Any CPU.Build.0 = Debug2023|Any CPU
		{96FD314A-A223-4F2E-B451-847A22FCD975}.Debug2024|Any CPU.ActiveCfg = Debug2024|Any CPU
		{96FD314A-A223-4F2E-B451-847A22FCD975}.Debug2024|Any CPU.Build.0 = Debug2024|Any CPU
		{96FD314A-A223-4F2E-B451-847A22FCD975}.Release|Any CPU.ActiveCfg = Release|Any CPU
		{96FD314A-A223-4F2E-B451-847A22FCD975}.Release|Any CPU.Build.0 = Release|Any CPU
		{96FD314A-A223-4F2E-B451-847A22FCD975}.Release2020|Any CPU.ActiveCfg = Release2020|Any CPU
		{96FD314A-A223-4F2E-B451-847A22FCD975}.Release2020|Any CPU.Build.0 = Release2020|Any CPU
		{96FD314A-A223-4F2E-B451-847A22FCD975}.Release2021|Any CPU.ActiveCfg = Release2021|Any CPU
		{96FD314A-A223-4F2E-B451-847A22FCD975}.Release2021|Any CPU.Build.0 = Release2021|Any CPU
		{96FD314A-A223-4F2E-B451-847A22FCD975}.Release2022|Any CPU.ActiveCfg = Release2022|Any CPU
		{96FD314A-A223-4F2E-B451-847A22FCD975}.Release2022|Any CPU.Build.0 = Release2022|Any CPU
		{96FD314A-A223-4F2E-B451-847A22FCD975}.Release2023|Any CPU.ActiveCfg = Release2023|Any CPU
		{96FD314A-A223-4F2E-B451-847A22FCD975}.Release2023|Any CPU.Build.0 = Release2023|Any CPU
		{96FD314A-A223-4F2E-B451-847A22FCD975}.Release2024|Any CPU.ActiveCfg = Release2024|Any CPU
		{96FD314A-A223-4F2E-B451-847A22FCD975}.Release2024|Any CPU.Build.0 = Release2024|Any CPU
		{162387B3-3F86-4458-A645-A6E78B368F06}.Debug|Any CPU.ActiveCfg = Debug|Any CPU
		{162387B3-3F86-4458-A645-A6E78B368F06}.Debug|Any CPU.Build.0 = Debug|Any CPU
		{162387B3-3F86-4458-A645-A6E78B368F06}.Debug2017|Any CPU.ActiveCfg = Debug2017|Any CPU
		{162387B3-3F86-4458-A645-A6E78B368F06}.Debug2017|Any CPU.Build.0 = Debug2017|Any CPU
		{162387B3-3F86-4458-A645-A6E78B368F06}.Debug2018|Any CPU.ActiveCfg = Debug2018|Any CPU
		{162387B3-3F86-4458-A645-A6E78B368F06}.Debug2018|Any CPU.Build.0 = Debug2018|Any CPU
		{162387B3-3F86-4458-A645-A6E78B368F06}.Debug2019|Any CPU.ActiveCfg = Debug2019|Any CPU
		{162387B3-3F86-4458-A645-A6E78B368F06}.Debug2019|Any CPU.Build.0 = Debug2019|Any CPU
		{162387B3-3F86-4458-A645-A6E78B368F06}.Debug2020|Any CPU.ActiveCfg = Debug2020|Any CPU
		{162387B3-3F86-4458-A645-A6E78B368F06}.Debug2020|Any CPU.Build.0 = Debug2020|Any CPU
		{162387B3-3F86-4458-A645-A6E78B368F06}.Debug2021|Any CPU.ActiveCfg = Debug2021|Any CPU
		{162387B3-3F86-4458-A645-A6E78B368F06}.Debug2021|Any CPU.Build.0 = Debug2021|Any CPU
		{162387B3-3F86-4458-A645-A6E78B368F06}.Debug2022|Any CPU.ActiveCfg = Debug2022|Any CPU
		{162387B3-3F86-4458-A645-A6E78B368F06}.Debug2022|Any CPU.Build.0 = Debug2022|Any CPU
		{162387B3-3F86-4458-A645-A6E78B368F06}.Debug2023|Any CPU.ActiveCfg = Debug2023|Any CPU
		{162387B3-3F86-4458-A645-A6E78B368F06}.Debug2023|Any CPU.Build.0 = Debug2023|Any CPU
		{162387B3-3F86-4458-A645-A6E78B368F06}.Debug2024|Any CPU.ActiveCfg = Debug2024|Any CPU
		{162387B3-3F86-4458-A645-A6E78B368F06}.Debug2024|Any CPU.Build.0 = Debug2024|Any CPU
		{162387B3-3F86-4458-A645-A6E78B368F06}.Release|Any CPU.ActiveCfg = Release|Any CPU
		{162387B3-3F86-4458-A645-A6E78B368F06}.Release|Any CPU.Build.0 = Release|Any CPU
		{162387B3-3F86-4458-A645-A6E78B368F06}.Release2020|Any CPU.ActiveCfg = Release2020|Any CPU
		{162387B3-3F86-4458-A645-A6E78B368F06}.Release2020|Any CPU.Build.0 = Release2020|Any CPU
		{162387B3-3F86-4458-A645-A6E78B368F06}.Release2021|Any CPU.ActiveCfg = Release2021|Any CPU
		{162387B3-3F86-4458-A645-A6E78B368F06}.Release2021|Any CPU.Build.0 = Release2021|Any CPU
		{162387B3-3F86-4458-A645-A6E78B368F06}.Release2022|Any CPU.ActiveCfg = Release2022|Any CPU
		{162387B3-3F86-4458-A645-A6E78B368F06}.Release2022|Any CPU.Build.0 = Release2022|Any CPU
		{162387B3-3F86-4458-A645-A6E78B368F06}.Release2023|Any CPU.ActiveCfg = Release2023|Any CPU
		{162387B3-3F86-4458-A645-A6E78B368F06}.Release2023|Any CPU.Build.0 = Release2023|Any CPU
		{162387B3-3F86-4458-A645-A6E78B368F06}.Release2024|Any CPU.ActiveCfg = Release2024|Any CPU
		{162387B3-3F86-4458-A645-A6E78B368F06}.Release2024|Any CPU.Build.0 = Release2024|Any CPU
	EndGlobalSection
	GlobalSection(SolutionProperties) = preSolution
		HideSolutionNode = FALSE
	EndGlobalSection
	GlobalSection(NestedProjects) = preSolution
		{E31E5F4E-EAC1-4E48-A5F9-E4560896C2B3} = {DB49C52F-B595-47F1-A6C0-AA56B2D73541}
		{751820CB-7E74-4CB7-92B2-D544FE1409AD} = {DB49C52F-B595-47F1-A6C0-AA56B2D73541}
		{D4C74BDE-5AE7-4E17-A762-E103A8007FF9} = {DB49C52F-B595-47F1-A6C0-AA56B2D73541}
		{9ED87F01-7959-48A9-9AAA-8D346644E06E} = {DB49C52F-B595-47F1-A6C0-AA56B2D73541}
		{B6171AC8-422A-4CD4-B93F-10D054B9CC76} = {B5F956DA-6EA3-4616-9A4F-6FDDC19C91D3}
		{5F1B7CA0-E661-489F-BAE9-40CB7CDAF00A} = {B5F956DA-6EA3-4616-9A4F-6FDDC19C91D3}
		{9F69C54C-E7D6-46FE-B79B-FB6CEA8ECF5C} = {B5F956DA-6EA3-4616-9A4F-6FDDC19C91D3}
		{35A56831-B840-4D34-AAD1-08B350EEF4A6} = {B5F956DA-6EA3-4616-9A4F-6FDDC19C91D3}
		{96FD314A-A223-4F2E-B451-847A22FCD975} = {B5F956DA-6EA3-4616-9A4F-6FDDC19C91D3}
		{162387B3-3F86-4458-A645-A6E78B368F06} = {F319253B-007B-4856-9B90-B0DB2BBDAC01}
	EndGlobalSection
	GlobalSection(ExtensibilityGlobals) = postSolution
		SolutionGuid = {53DA6348-71DE-42BF-B35A-7CC0DC6C030A}
	EndGlobalSection
EndGlobal
