
Microsoft Visual Studio Solution File, Format Version 12.00
# Visual Studio Version 16
VisualStudioVersion = 16.0.29609.76
MinimumVisualStudioVersion = 10.0.40219.1
Project("{FAE04EC0-301F-11D3-BF4B-00C04F79EFBC}") = "SAM.Analytical.Revit", "SAM_Revit\SAM.Analytical.Revit\SAM.Analytical.Revit.csproj", "{7A976EE2-6C1E-4165-8B29-AFD946220556}"
	ProjectSection(ProjectDependencies) = postProject
		{44356AA4-67FE-4C4F-BF7D-8404CA7BCEE1} = {44356AA4-67FE-4C4F-BF7D-8404CA7BCEE1}
	EndProjectSection
EndProject
Project("{2150E333-8FDC-42A3-9474-1A3956D46DE8}") = "Grasshopper", "Grasshopper", "{DB49C52F-B595-47F1-A6C0-AA56B2D73541}"
EndProject
Project("{2150E333-8FDC-42A3-9474-1A3956D46DE8}") = "Dynamo", "Dynamo", "{9D5C79FB-26B2-4CD9-9F14-C3946E5C987E}"
EndProject
Project("{2150E333-8FDC-42A3-9474-1A3956D46DE8}") = "SAM_Revit", "SAM_Revit", "{B5F956DA-6EA3-4616-9A4F-6FDDC19C91D3}"
EndProject
Project("{FAE04EC0-301F-11D3-BF4B-00C04F79EFBC}") = "SAM.Core.Grasshopper.Revit", "Grasshopper\SAM.Core.Grasshopper.Revit\SAM.Core.Grasshopper.Revit.csproj", "{E31E5F4E-EAC1-4E48-A5F9-E4560896C2B3}"
	ProjectSection(ProjectDependencies) = postProject
		{33206E35-BC18-4EA3-9FB4-3473EF99F3BE} = {33206E35-BC18-4EA3-9FB4-3473EF99F3BE}
		{44356AA4-67FE-4C4F-BF7D-8404CA7BCEE1} = {44356AA4-67FE-4C4F-BF7D-8404CA7BCEE1}
		{DCE3C7BC-9EFE-449C-B6FF-375886082A4C} = {DCE3C7BC-9EFE-449C-B6FF-375886082A4C}
		{7A976EE2-6C1E-4165-8B29-AFD946220556} = {7A976EE2-6C1E-4165-8B29-AFD946220556}
	EndProjectSection
EndProject
Project("{FAE04EC0-301F-11D3-BF4B-00C04F79EFBC}") = "SAM.Geometry.Revit", "SAM_Revit\SAM.Geometry.Revit\SAM.Geometry.Revit.csproj", "{33206E35-BC18-4EA3-9FB4-3473EF99F3BE}"
	ProjectSection(ProjectDependencies) = postProject
		{7875201B-420B-42D1-9F8F-0F7BDEDB8DA2} = {7875201B-420B-42D1-9F8F-0F7BDEDB8DA2}
	EndProjectSection
EndProject
Project("{FAE04EC0-301F-11D3-BF4B-00C04F79EFBC}") = "SAM.Analytical.Grasshopper.Revit", "Grasshopper\SAM.Analytical.Grasshopper.Revit\SAM.Analytical.Grasshopper.Revit.csproj", "{751820CB-7E74-4CB7-92B2-D544FE1409AD}"
	ProjectSection(ProjectDependencies) = postProject
		{DCE3C7BC-9EFE-449C-B6FF-375886082A4C} = {DCE3C7BC-9EFE-449C-B6FF-375886082A4C}
		{D4C74BDE-5AE7-4E17-A762-E103A8007FF9} = {D4C74BDE-5AE7-4E17-A762-E103A8007FF9}
	EndProjectSection
EndProject
Project("{FAE04EC0-301F-11D3-BF4B-00C04F79EFBC}") = "SAM.Core.Revit", "SAM_Revit\SAM.Core.Revit\SAM.Core.Revit.csproj", "{7875201B-420B-42D1-9F8F-0F7BDEDB8DA2}"
EndProject
Project("{FAE04EC0-301F-11D3-BF4B-00C04F79EFBC}") = "SAMAnalyticalDynamoRevit", "Dynamo\SAMAnalyticalDynamoRevit\SAMAnalyticalDynamoRevit.csproj", "{C0FC4B58-6EA4-47B0-B242-F4C053BB14C2}"
	ProjectSection(ProjectDependencies) = postProject
		{44356AA4-67FE-4C4F-BF7D-8404CA7BCEE1} = {44356AA4-67FE-4C4F-BF7D-8404CA7BCEE1}
		{DCE3C7BC-9EFE-449C-B6FF-375886082A4C} = {DCE3C7BC-9EFE-449C-B6FF-375886082A4C}
	EndProjectSection
EndProject
Project("{FAE04EC0-301F-11D3-BF4B-00C04F79EFBC}") = "SAM.Units.Revit", "SAM_Revit\SAM.Units.Revit\SAM.Units.Revit.csproj", "{44356AA4-67FE-4C4F-BF7D-8404CA7BCEE1}"
EndProject
Project("{FAE04EC0-301F-11D3-BF4B-00C04F79EFBC}") = "SAM.Architectural.Grasshopper.Revit", "Grasshopper\SAM.Architectural.Grasshopper.Revit\SAM.Architectural.Grasshopper.Revit.csproj", "{D4C74BDE-5AE7-4E17-A762-E103A8007FF9}"
	ProjectSection(ProjectDependencies) = postProject
		{33206E35-BC18-4EA3-9FB4-3473EF99F3BE} = {33206E35-BC18-4EA3-9FB4-3473EF99F3BE}
		{44356AA4-67FE-4C4F-BF7D-8404CA7BCEE1} = {44356AA4-67FE-4C4F-BF7D-8404CA7BCEE1}
		{7A976EE2-6C1E-4165-8B29-AFD946220556} = {7A976EE2-6C1E-4165-8B29-AFD946220556}
	EndProjectSection
EndProject
Project("{FAE04EC0-301F-11D3-BF4B-00C04F79EFBC}") = "SAM.Architectural.Revit", "SAM_Revit\SAM.Architectural.Revit\SAM.Architectural.Revit.csproj", "{DCE3C7BC-9EFE-449C-B6FF-375886082A4C}"
EndProject
Global
	GlobalSection(SolutionConfigurationPlatforms) = preSolution
		Debug|Any CPU = Debug|Any CPU
		Debug2017|Any CPU = Debug2017|Any CPU
		Debug2020|Any CPU = Debug2020|Any CPU
		Debug2021|Any CPU = Debug2021|Any CPU
		Release|Any CPU = Release|Any CPU
		Release2020|Any CPU = Release2020|Any CPU
		Release2021|Any CPU = Release2021|Any CPU
	EndGlobalSection
	GlobalSection(ProjectConfigurationPlatforms) = postSolution
		{7A976EE2-6C1E-4165-8B29-AFD946220556}.Debug|Any CPU.ActiveCfg = Debug|Any CPU
		{7A976EE2-6C1E-4165-8B29-AFD946220556}.Debug|Any CPU.Build.0 = Debug|Any CPU
		{7A976EE2-6C1E-4165-8B29-AFD946220556}.Debug2017|Any CPU.ActiveCfg = Debug|Any CPU
		{7A976EE2-6C1E-4165-8B29-AFD946220556}.Debug2017|Any CPU.Build.0 = Debug|Any CPU
		{7A976EE2-6C1E-4165-8B29-AFD946220556}.Debug2020|Any CPU.ActiveCfg = Debug2020|Any CPU
		{7A976EE2-6C1E-4165-8B29-AFD946220556}.Debug2020|Any CPU.Build.0 = Debug2020|Any CPU
		{7A976EE2-6C1E-4165-8B29-AFD946220556}.Debug2021|Any CPU.ActiveCfg = Debug2021|Any CPU
		{7A976EE2-6C1E-4165-8B29-AFD946220556}.Debug2021|Any CPU.Build.0 = Debug2021|Any CPU
		{7A976EE2-6C1E-4165-8B29-AFD946220556}.Release|Any CPU.ActiveCfg = Release|Any CPU
		{7A976EE2-6C1E-4165-8B29-AFD946220556}.Release|Any CPU.Build.0 = Release|Any CPU
		{7A976EE2-6C1E-4165-8B29-AFD946220556}.Release2020|Any CPU.ActiveCfg = Release2020|Any CPU
		{7A976EE2-6C1E-4165-8B29-AFD946220556}.Release2020|Any CPU.Build.0 = Release2020|Any CPU
		{7A976EE2-6C1E-4165-8B29-AFD946220556}.Release2021|Any CPU.ActiveCfg = Release2021|Any CPU
		{7A976EE2-6C1E-4165-8B29-AFD946220556}.Release2021|Any CPU.Build.0 = Release2021|Any CPU
		{E31E5F4E-EAC1-4E48-A5F9-E4560896C2B3}.Debug|Any CPU.ActiveCfg = Debug|Any CPU
		{E31E5F4E-EAC1-4E48-A5F9-E4560896C2B3}.Debug|Any CPU.Build.0 = Debug|Any CPU
		{E31E5F4E-EAC1-4E48-A5F9-E4560896C2B3}.Debug2017|Any CPU.ActiveCfg = Debug|Any CPU
		{E31E5F4E-EAC1-4E48-A5F9-E4560896C2B3}.Debug2017|Any CPU.Build.0 = Debug|Any CPU
		{E31E5F4E-EAC1-4E48-A5F9-E4560896C2B3}.Debug2020|Any CPU.ActiveCfg = Debug2020|Any CPU
		{E31E5F4E-EAC1-4E48-A5F9-E4560896C2B3}.Debug2020|Any CPU.Build.0 = Debug2020|Any CPU
		{E31E5F4E-EAC1-4E48-A5F9-E4560896C2B3}.Debug2021|Any CPU.ActiveCfg = Debug2021|Any CPU
		{E31E5F4E-EAC1-4E48-A5F9-E4560896C2B3}.Debug2021|Any CPU.Build.0 = Debug2021|Any CPU
		{E31E5F4E-EAC1-4E48-A5F9-E4560896C2B3}.Release|Any CPU.ActiveCfg = Release|Any CPU
		{E31E5F4E-EAC1-4E48-A5F9-E4560896C2B3}.Release|Any CPU.Build.0 = Release|Any CPU
		{E31E5F4E-EAC1-4E48-A5F9-E4560896C2B3}.Release2020|Any CPU.ActiveCfg = Release2020|Any CPU
		{E31E5F4E-EAC1-4E48-A5F9-E4560896C2B3}.Release2020|Any CPU.Build.0 = Release2020|Any CPU
		{E31E5F4E-EAC1-4E48-A5F9-E4560896C2B3}.Release2021|Any CPU.ActiveCfg = Release2021|Any CPU
		{E31E5F4E-EAC1-4E48-A5F9-E4560896C2B3}.Release2021|Any CPU.Build.0 = Release2021|Any CPU
		{33206E35-BC18-4EA3-9FB4-3473EF99F3BE}.Debug|Any CPU.ActiveCfg = Debug|Any CPU
		{33206E35-BC18-4EA3-9FB4-3473EF99F3BE}.Debug|Any CPU.Build.0 = Debug|Any CPU
		{33206E35-BC18-4EA3-9FB4-3473EF99F3BE}.Debug2017|Any CPU.ActiveCfg = Debug|Any CPU
		{33206E35-BC18-4EA3-9FB4-3473EF99F3BE}.Debug2017|Any CPU.Build.0 = Debug|Any CPU
		{33206E35-BC18-4EA3-9FB4-3473EF99F3BE}.Debug2020|Any CPU.ActiveCfg = Debug2020|Any CPU
		{33206E35-BC18-4EA3-9FB4-3473EF99F3BE}.Debug2020|Any CPU.Build.0 = Debug2020|Any CPU
		{33206E35-BC18-4EA3-9FB4-3473EF99F3BE}.Debug2021|Any CPU.ActiveCfg = Debug2021|Any CPU
		{33206E35-BC18-4EA3-9FB4-3473EF99F3BE}.Debug2021|Any CPU.Build.0 = Debug2021|Any CPU
		{33206E35-BC18-4EA3-9FB4-3473EF99F3BE}.Release|Any CPU.ActiveCfg = Release|Any CPU
		{33206E35-BC18-4EA3-9FB4-3473EF99F3BE}.Release|Any CPU.Build.0 = Release|Any CPU
		{33206E35-BC18-4EA3-9FB4-3473EF99F3BE}.Release2020|Any CPU.ActiveCfg = Release2020|Any CPU
		{33206E35-BC18-4EA3-9FB4-3473EF99F3BE}.Release2020|Any CPU.Build.0 = Release2020|Any CPU
		{33206E35-BC18-4EA3-9FB4-3473EF99F3BE}.Release2021|Any CPU.ActiveCfg = Release2021|Any CPU
		{33206E35-BC18-4EA3-9FB4-3473EF99F3BE}.Release2021|Any CPU.Build.0 = Release2021|Any CPU
		{751820CB-7E74-4CB7-92B2-D544FE1409AD}.Debug|Any CPU.ActiveCfg = Debug|Any CPU
		{751820CB-7E74-4CB7-92B2-D544FE1409AD}.Debug|Any CPU.Build.0 = Debug|Any CPU
		{751820CB-7E74-4CB7-92B2-D544FE1409AD}.Debug2017|Any CPU.ActiveCfg = Debug|Any CPU
		{751820CB-7E74-4CB7-92B2-D544FE1409AD}.Debug2017|Any CPU.Build.0 = Debug|Any CPU
		{751820CB-7E74-4CB7-92B2-D544FE1409AD}.Debug2020|Any CPU.ActiveCfg = Debug2020|Any CPU
		{751820CB-7E74-4CB7-92B2-D544FE1409AD}.Debug2020|Any CPU.Build.0 = Debug2020|Any CPU
		{751820CB-7E74-4CB7-92B2-D544FE1409AD}.Debug2021|Any CPU.ActiveCfg = Debug2021|Any CPU
		{751820CB-7E74-4CB7-92B2-D544FE1409AD}.Debug2021|Any CPU.Build.0 = Debug2021|Any CPU
		{751820CB-7E74-4CB7-92B2-D544FE1409AD}.Release|Any CPU.ActiveCfg = Release|Any CPU
		{751820CB-7E74-4CB7-92B2-D544FE1409AD}.Release|Any CPU.Build.0 = Release|Any CPU
		{751820CB-7E74-4CB7-92B2-D544FE1409AD}.Release2020|Any CPU.ActiveCfg = Release2020|Any CPU
		{751820CB-7E74-4CB7-92B2-D544FE1409AD}.Release2020|Any CPU.Build.0 = Release2020|Any CPU
		{751820CB-7E74-4CB7-92B2-D544FE1409AD}.Release2021|Any CPU.ActiveCfg = Release2021|Any CPU
		{751820CB-7E74-4CB7-92B2-D544FE1409AD}.Release2021|Any CPU.Build.0 = Release2021|Any CPU
		{7875201B-420B-42D1-9F8F-0F7BDEDB8DA2}.Debug|Any CPU.ActiveCfg = Debug|Any CPU
		{7875201B-420B-42D1-9F8F-0F7BDEDB8DA2}.Debug|Any CPU.Build.0 = Debug|Any CPU
		{7875201B-420B-42D1-9F8F-0F7BDEDB8DA2}.Debug2017|Any CPU.ActiveCfg = Debug2017|Any CPU
		{7875201B-420B-42D1-9F8F-0F7BDEDB8DA2}.Debug2017|Any CPU.Build.0 = Debug2017|Any CPU
		{7875201B-420B-42D1-9F8F-0F7BDEDB8DA2}.Debug2020|Any CPU.ActiveCfg = Debug2020|Any CPU
		{7875201B-420B-42D1-9F8F-0F7BDEDB8DA2}.Debug2020|Any CPU.Build.0 = Debug2020|Any CPU
		{7875201B-420B-42D1-9F8F-0F7BDEDB8DA2}.Debug2021|Any CPU.ActiveCfg = Debug2021|Any CPU
		{7875201B-420B-42D1-9F8F-0F7BDEDB8DA2}.Debug2021|Any CPU.Build.0 = Debug2021|Any CPU
		{7875201B-420B-42D1-9F8F-0F7BDEDB8DA2}.Release|Any CPU.ActiveCfg = Release|Any CPU
		{7875201B-420B-42D1-9F8F-0F7BDEDB8DA2}.Release|Any CPU.Build.0 = Release|Any CPU
		{7875201B-420B-42D1-9F8F-0F7BDEDB8DA2}.Release2020|Any CPU.ActiveCfg = Release2020|Any CPU
		{7875201B-420B-42D1-9F8F-0F7BDEDB8DA2}.Release2020|Any CPU.Build.0 = Release2020|Any CPU
		{7875201B-420B-42D1-9F8F-0F7BDEDB8DA2}.Release2021|Any CPU.ActiveCfg = Release2021|Any CPU
		{7875201B-420B-42D1-9F8F-0F7BDEDB8DA2}.Release2021|Any CPU.Build.0 = Release2021|Any CPU
		{C0FC4B58-6EA4-47B0-B242-F4C053BB14C2}.Debug|Any CPU.ActiveCfg = Debug|Any CPU
		{C0FC4B58-6EA4-47B0-B242-F4C053BB14C2}.Debug|Any CPU.Build.0 = Debug|Any CPU
		{C0FC4B58-6EA4-47B0-B242-F4C053BB14C2}.Debug2017|Any CPU.ActiveCfg = Debug|Any CPU
		{C0FC4B58-6EA4-47B0-B242-F4C053BB14C2}.Debug2017|Any CPU.Build.0 = Debug|Any CPU
		{C0FC4B58-6EA4-47B0-B242-F4C053BB14C2}.Debug2020|Any CPU.ActiveCfg = Debug2020|Any CPU
		{C0FC4B58-6EA4-47B0-B242-F4C053BB14C2}.Debug2020|Any CPU.Build.0 = Debug2020|Any CPU
		{C0FC4B58-6EA4-47B0-B242-F4C053BB14C2}.Debug2021|Any CPU.ActiveCfg = Debug2021|Any CPU
		{C0FC4B58-6EA4-47B0-B242-F4C053BB14C2}.Debug2021|Any CPU.Build.0 = Debug2021|Any CPU
		{C0FC4B58-6EA4-47B0-B242-F4C053BB14C2}.Release|Any CPU.ActiveCfg = Release|Any CPU
		{C0FC4B58-6EA4-47B0-B242-F4C053BB14C2}.Release|Any CPU.Build.0 = Release|Any CPU
		{C0FC4B58-6EA4-47B0-B242-F4C053BB14C2}.Release2020|Any CPU.ActiveCfg = Release2020|Any CPU
		{C0FC4B58-6EA4-47B0-B242-F4C053BB14C2}.Release2020|Any CPU.Build.0 = Release2020|Any CPU
		{C0FC4B58-6EA4-47B0-B242-F4C053BB14C2}.Release2021|Any CPU.ActiveCfg = Release2021|Any CPU
		{C0FC4B58-6EA4-47B0-B242-F4C053BB14C2}.Release2021|Any CPU.Build.0 = Release2021|Any CPU
		{44356AA4-67FE-4C4F-BF7D-8404CA7BCEE1}.Debug|Any CPU.ActiveCfg = Debug|Any CPU
		{44356AA4-67FE-4C4F-BF7D-8404CA7BCEE1}.Debug|Any CPU.Build.0 = Debug|Any CPU
		{44356AA4-67FE-4C4F-BF7D-8404CA7BCEE1}.Debug2017|Any CPU.ActiveCfg = Debug2017|Any CPU
		{44356AA4-67FE-4C4F-BF7D-8404CA7BCEE1}.Debug2017|Any CPU.Build.0 = Debug2017|Any CPU
		{44356AA4-67FE-4C4F-BF7D-8404CA7BCEE1}.Debug2020|Any CPU.ActiveCfg = Debug2020|Any CPU
		{44356AA4-67FE-4C4F-BF7D-8404CA7BCEE1}.Debug2020|Any CPU.Build.0 = Debug2020|Any CPU
		{44356AA4-67FE-4C4F-BF7D-8404CA7BCEE1}.Debug2021|Any CPU.ActiveCfg = Debug2021|Any CPU
		{44356AA4-67FE-4C4F-BF7D-8404CA7BCEE1}.Debug2021|Any CPU.Build.0 = Debug2021|Any CPU
		{44356AA4-67FE-4C4F-BF7D-8404CA7BCEE1}.Release|Any CPU.ActiveCfg = Release|Any CPU
		{44356AA4-67FE-4C4F-BF7D-8404CA7BCEE1}.Release|Any CPU.Build.0 = Release|Any CPU
		{44356AA4-67FE-4C4F-BF7D-8404CA7BCEE1}.Release2020|Any CPU.ActiveCfg = Release2020|Any CPU
		{44356AA4-67FE-4C4F-BF7D-8404CA7BCEE1}.Release2020|Any CPU.Build.0 = Release2020|Any CPU
		{44356AA4-67FE-4C4F-BF7D-8404CA7BCEE1}.Release2021|Any CPU.ActiveCfg = Release2021|Any CPU
		{44356AA4-67FE-4C4F-BF7D-8404CA7BCEE1}.Release2021|Any CPU.Build.0 = Release2021|Any CPU
		{D4C74BDE-5AE7-4E17-A762-E103A8007FF9}.Debug|Any CPU.ActiveCfg = Debug|Any CPU
		{D4C74BDE-5AE7-4E17-A762-E103A8007FF9}.Debug|Any CPU.Build.0 = Debug|Any CPU
		{D4C74BDE-5AE7-4E17-A762-E103A8007FF9}.Debug2017|Any CPU.ActiveCfg = Debug2020|Any CPU
		{D4C74BDE-5AE7-4E17-A762-E103A8007FF9}.Debug2017|Any CPU.Build.0 = Debug2020|Any CPU
		{D4C74BDE-5AE7-4E17-A762-E103A8007FF9}.Debug2020|Any CPU.ActiveCfg = Debug2020|Any CPU
		{D4C74BDE-5AE7-4E17-A762-E103A8007FF9}.Debug2020|Any CPU.Build.0 = Debug2020|Any CPU
		{D4C74BDE-5AE7-4E17-A762-E103A8007FF9}.Debug2021|Any CPU.ActiveCfg = Debug2021|Any CPU
		{D4C74BDE-5AE7-4E17-A762-E103A8007FF9}.Debug2021|Any CPU.Build.0 = Debug2021|Any CPU
		{D4C74BDE-5AE7-4E17-A762-E103A8007FF9}.Release|Any CPU.ActiveCfg = Release|Any CPU
		{D4C74BDE-5AE7-4E17-A762-E103A8007FF9}.Release|Any CPU.Build.0 = Release|Any CPU
		{D4C74BDE-5AE7-4E17-A762-E103A8007FF9}.Release2020|Any CPU.ActiveCfg = Release2020|Any CPU
		{D4C74BDE-5AE7-4E17-A762-E103A8007FF9}.Release2020|Any CPU.Build.0 = Release2020|Any CPU
		{D4C74BDE-5AE7-4E17-A762-E103A8007FF9}.Release2021|Any CPU.ActiveCfg = Release2021|Any CPU
		{D4C74BDE-5AE7-4E17-A762-E103A8007FF9}.Release2021|Any CPU.Build.0 = Release2021|Any CPU
		{DCE3C7BC-9EFE-449C-B6FF-375886082A4C}.Debug|Any CPU.ActiveCfg = Debug|Any CPU
		{DCE3C7BC-9EFE-449C-B6FF-375886082A4C}.Debug|Any CPU.Build.0 = Debug|Any CPU
		{DCE3C7BC-9EFE-449C-B6FF-375886082A4C}.Debug2017|Any CPU.ActiveCfg = Debug2017|Any CPU
		{DCE3C7BC-9EFE-449C-B6FF-375886082A4C}.Debug2017|Any CPU.Build.0 = Debug2017|Any CPU
		{DCE3C7BC-9EFE-449C-B6FF-375886082A4C}.Debug2020|Any CPU.ActiveCfg = Debug2020|Any CPU
		{DCE3C7BC-9EFE-449C-B6FF-375886082A4C}.Debug2020|Any CPU.Build.0 = Debug2020|Any CPU
		{DCE3C7BC-9EFE-449C-B6FF-375886082A4C}.Debug2021|Any CPU.ActiveCfg = Debug2021|Any CPU
		{DCE3C7BC-9EFE-449C-B6FF-375886082A4C}.Debug2021|Any CPU.Build.0 = Debug2021|Any CPU
		{DCE3C7BC-9EFE-449C-B6FF-375886082A4C}.Release|Any CPU.ActiveCfg = Release|Any CPU
		{DCE3C7BC-9EFE-449C-B6FF-375886082A4C}.Release|Any CPU.Build.0 = Release|Any CPU
		{DCE3C7BC-9EFE-449C-B6FF-375886082A4C}.Release2020|Any CPU.ActiveCfg = Release2020|Any CPU
		{DCE3C7BC-9EFE-449C-B6FF-375886082A4C}.Release2020|Any CPU.Build.0 = Release2020|Any CPU
		{DCE3C7BC-9EFE-449C-B6FF-375886082A4C}.Release2021|Any CPU.ActiveCfg = Release2021|Any CPU
		{DCE3C7BC-9EFE-449C-B6FF-375886082A4C}.Release2021|Any CPU.Build.0 = Release2021|Any CPU
	EndGlobalSection
	GlobalSection(SolutionProperties) = preSolution
		HideSolutionNode = FALSE
	EndGlobalSection
	GlobalSection(NestedProjects) = preSolution
		{7A976EE2-6C1E-4165-8B29-AFD946220556} = {B5F956DA-6EA3-4616-9A4F-6FDDC19C91D3}
		{E31E5F4E-EAC1-4E48-A5F9-E4560896C2B3} = {DB49C52F-B595-47F1-A6C0-AA56B2D73541}
		{33206E35-BC18-4EA3-9FB4-3473EF99F3BE} = {B5F956DA-6EA3-4616-9A4F-6FDDC19C91D3}
		{751820CB-7E74-4CB7-92B2-D544FE1409AD} = {DB49C52F-B595-47F1-A6C0-AA56B2D73541}
		{7875201B-420B-42D1-9F8F-0F7BDEDB8DA2} = {B5F956DA-6EA3-4616-9A4F-6FDDC19C91D3}
		{C0FC4B58-6EA4-47B0-B242-F4C053BB14C2} = {9D5C79FB-26B2-4CD9-9F14-C3946E5C987E}
		{44356AA4-67FE-4C4F-BF7D-8404CA7BCEE1} = {B5F956DA-6EA3-4616-9A4F-6FDDC19C91D3}
		{D4C74BDE-5AE7-4E17-A762-E103A8007FF9} = {DB49C52F-B595-47F1-A6C0-AA56B2D73541}
		{DCE3C7BC-9EFE-449C-B6FF-375886082A4C} = {B5F956DA-6EA3-4616-9A4F-6FDDC19C91D3}
	EndGlobalSection
	GlobalSection(ExtensibilityGlobals) = postSolution
		SolutionGuid = {53DA6348-71DE-42BF-B35A-7CC0DC6C030A}
	EndGlobalSection
EndGlobal
